// !$*UTF8*$!
{
	archiveVersion = 1;
	classes = {
	};
	objectVersion = 50;
	objects = {

/* Begin PBXBuildFile section */
		5AF469D1CB0FE56049F4D53E /* Pods_test3.framework in Frameworks */ = {isa = PBXBuildFile; fileRef = 646A2E23D226E8CC3E2B1C1F /* Pods_test3.framework */; };
		852157B2225841DB00488F5B /* PotentialUserViewModel.swift in Sources */ = {isa = PBXBuildFile; fileRef = 852157B1225841DB00488F5B /* PotentialUserViewModel.swift */; };
		852157B6225860F800488F5B /* Transaction.swift in Sources */ = {isa = PBXBuildFile; fileRef = 852157B5225860F800488F5B /* Transaction.swift */; };
		852157B8225861FB00488F5B /* TransactionViewModel.swift in Sources */ = {isa = PBXBuildFile; fileRef = 852157B7225861FB00488F5B /* TransactionViewModel.swift */; };
		852157BA225864F400488F5B /* TransactionsViewModel.swift in Sources */ = {isa = PBXBuildFile; fileRef = 852157B9225864F400488F5B /* TransactionsViewModel.swift */; };
		852157BC225867D000488F5B /* TableView_Extensions.swift in Sources */ = {isa = PBXBuildFile; fileRef = 852157BB225867D000488F5B /* TableView_Extensions.swift */; };
		852157C02258802800488F5B /* CreateTransactionViewController.swift in Sources */ = {isa = PBXBuildFile; fileRef = 852157BE2258802800488F5B /* CreateTransactionViewController.swift */; };
		852157C12258802800488F5B /* CreateTransactionViewController.xib in Resources */ = {isa = PBXBuildFile; fileRef = 852157BF2258802800488F5B /* CreateTransactionViewController.xib */; };
		852157C3225895B200488F5B /* View_Extensions.swift in Sources */ = {isa = PBXBuildFile; fileRef = 852157C2225895B200488F5B /* View_Extensions.swift */; };
		852157C72258D16900488F5B /* Recipient.swift in Sources */ = {isa = PBXBuildFile; fileRef = 852157C62258D16900488F5B /* Recipient.swift */; };
		852157C92258DCC400488F5B /* PotentialTransactionViewModel.swift in Sources */ = {isa = PBXBuildFile; fileRef = 852157C82258DCC400488F5B /* PotentialTransactionViewModel.swift */; };
		8549A5E62255EBEA00BEF7A6 /* AppDelegate.swift in Sources */ = {isa = PBXBuildFile; fileRef = 8549A5E52255EBEA00BEF7A6 /* AppDelegate.swift */; };
		8549A5ED2255EBED00BEF7A6 /* Assets.xcassets in Resources */ = {isa = PBXBuildFile; fileRef = 8549A5EC2255EBED00BEF7A6 /* Assets.xcassets */; };
		8549A5F02255EBED00BEF7A6 /* LaunchScreen.storyboard in Resources */ = {isa = PBXBuildFile; fileRef = 8549A5EE2255EBED00BEF7A6 /* LaunchScreen.storyboard */; };
		8549A5FD2255EE1500BEF7A6 /* WelcomeViewController.swift in Sources */ = {isa = PBXBuildFile; fileRef = 8549A5FB2255EE1500BEF7A6 /* WelcomeViewController.swift */; };
		8549A5FE2255EE1500BEF7A6 /* WelcomeViewController.xib in Resources */ = {isa = PBXBuildFile; fileRef = 8549A5FC2255EE1500BEF7A6 /* WelcomeViewController.xib */; };
		8549A6022255EF7F00BEF7A6 /* ABRoundedButton.swift in Sources */ = {isa = PBXBuildFile; fileRef = 8549A6012255EF7F00BEF7A6 /* ABRoundedButton.swift */; };
		8549A6042255F1C600BEF7A6 /* MainNavigationViewController.swift in Sources */ = {isa = PBXBuildFile; fileRef = 8549A6032255F1C600BEF7A6 /* MainNavigationViewController.swift */; };
		8549A6082256F3CE00BEF7A6 /* LogInViewController.swift in Sources */ = {isa = PBXBuildFile; fileRef = 8549A6062256F3CE00BEF7A6 /* LogInViewController.swift */; };
		8549A6092256F3CE00BEF7A6 /* LogInViewController.xib in Resources */ = {isa = PBXBuildFile; fileRef = 8549A6072256F3CE00BEF7A6 /* LogInViewController.xib */; };
		8549A60D2256F40700BEF7A6 /* SignUpViewController.swift in Sources */ = {isa = PBXBuildFile; fileRef = 8549A60B2256F40700BEF7A6 /* SignUpViewController.swift */; };
		8549A60E2256F40700BEF7A6 /* SignUpViewController.xib in Resources */ = {isa = PBXBuildFile; fileRef = 8549A60C2256F40700BEF7A6 /* SignUpViewController.xib */; };
		8549A6102256FFEF00BEF7A6 /* UserViewModel.swift in Sources */ = {isa = PBXBuildFile; fileRef = 8549A60F2256FFEF00BEF7A6 /* UserViewModel.swift */; };
		8549A613225700A100BEF7A6 /* String_Extensions.swift in Sources */ = {isa = PBXBuildFile; fileRef = 8549A612225700A100BEF7A6 /* String_Extensions.swift */; };
		8549A6152257012A00BEF7A6 /* ViewController_Extensions.swift in Sources */ = {isa = PBXBuildFile; fileRef = 8549A6142257012A00BEF7A6 /* ViewController_Extensions.swift */; };
		8549A617225703D900BEF7A6 /* NewUserViewModel.swift in Sources */ = {isa = PBXBuildFile; fileRef = 8549A616225703D900BEF7A6 /* NewUserViewModel.swift */; };
		8549A6192257042700BEF7A6 /* Validatable.swift in Sources */ = {isa = PBXBuildFile; fileRef = 8549A6182257042700BEF7A6 /* Validatable.swift */; };
		8549A61B2257066700BEF7A6 /* DynamicType.swift in Sources */ = {isa = PBXBuildFile; fileRef = 8549A61A2257066700BEF7A6 /* DynamicType.swift */; };
		8549A61E22570A5600BEF7A6 /* BindingHoshiTextField.swift in Sources */ = {isa = PBXBuildFile; fileRef = 8549A61D22570A5600BEF7A6 /* BindingHoshiTextField.swift */; };
		8549A63A225721E600BEF7A6 /* NetworkingManager.swift in Sources */ = {isa = PBXBuildFile; fileRef = 8549A62E225721E600BEF7A6 /* NetworkingManager.swift */; };
		8549A63B225721E600BEF7A6 /* TestEndPoint.swift in Sources */ = {isa = PBXBuildFile; fileRef = 8549A630225721E600BEF7A6 /* TestEndPoint.swift */; };
		8549A63E22572ED600BEF7A6 /* KeychainTokenItem.swift in Sources */ = {isa = PBXBuildFile; fileRef = 8549A63D22572ED600BEF7A6 /* KeychainTokenItem.swift */; };
		8549A642225731AE00BEF7A6 /* AccountViewController.swift in Sources */ = {isa = PBXBuildFile; fileRef = 8549A640225731AE00BEF7A6 /* AccountViewController.swift */; };
		8549A643225731AE00BEF7A6 /* AccountViewController.xib in Resources */ = {isa = PBXBuildFile; fileRef = 8549A641225731AE00BEF7A6 /* AccountViewController.xib */; };
		8549A645225732C800BEF7A6 /* User.swift in Sources */ = {isa = PBXBuildFile; fileRef = 8549A644225732C800BEF7A6 /* User.swift */; };
		8549A64C2257374500BEF7A6 /* SplashViewController.swift in Sources */ = {isa = PBXBuildFile; fileRef = 8549A64A2257374500BEF7A6 /* SplashViewController.swift */; };
		8549A64D2257374500BEF7A6 /* RootViewController.swift in Sources */ = {isa = PBXBuildFile; fileRef = 8549A64B2257374500BEF7A6 /* RootViewController.swift */; };
		8549A650225737CF00BEF7A6 /* Constants.swift in Sources */ = {isa = PBXBuildFile; fileRef = 8549A64F225737CF00BEF7A6 /* Constants.swift */; };
		8549A65422573CC300BEF7A6 /* TransactionTableViewCell.swift in Sources */ = {isa = PBXBuildFile; fileRef = 8549A65222573CC300BEF7A6 /* TransactionTableViewCell.swift */; };
		8549A65522573CC300BEF7A6 /* TransactionTableViewCell.xib in Resources */ = {isa = PBXBuildFile; fileRef = 8549A65322573CC300BEF7A6 /* TransactionTableViewCell.xib */; };
		8549A6582257422100BEF7A6 /* AccountTableViewHeaderView.swift in Sources */ = {isa = PBXBuildFile; fileRef = 8549A6572257422100BEF7A6 /* AccountTableViewHeaderView.swift */; };
		8549A65A2257429000BEF7A6 /* AccountTableViewHeaderView.xib in Resources */ = {isa = PBXBuildFile; fileRef = 8549A6592257429000BEF7A6 /* AccountTableViewHeaderView.xib */; };
/* End PBXBuildFile section */

/* Begin PBXFileReference section */
		17D1F51EFE663D3A11948226 /* Pods-test3.release.xcconfig */ = {isa = PBXFileReference; includeInIndex = 1; lastKnownFileType = text.xcconfig; name = "Pods-test3.release.xcconfig"; path = "Target Support Files/Pods-test3/Pods-test3.release.xcconfig"; sourceTree = "<group>"; };
		646A2E23D226E8CC3E2B1C1F /* Pods_test3.framework */ = {isa = PBXFileReference; explicitFileType = wrapper.framework; includeInIndex = 0; path = Pods_test3.framework; sourceTree = BUILT_PRODUCTS_DIR; };
		852157B1225841DB00488F5B /* PotentialUserViewModel.swift */ = {isa = PBXFileReference; lastKnownFileType = sourcecode.swift; path = PotentialUserViewModel.swift; sourceTree = "<group>"; };
		852157B5225860F800488F5B /* Transaction.swift */ = {isa = PBXFileReference; lastKnownFileType = sourcecode.swift; path = Transaction.swift; sourceTree = "<group>"; };
		852157B7225861FB00488F5B /* TransactionViewModel.swift */ = {isa = PBXFileReference; lastKnownFileType = sourcecode.swift; path = TransactionViewModel.swift; sourceTree = "<group>"; };
		852157B9225864F400488F5B /* TransactionsViewModel.swift */ = {isa = PBXFileReference; lastKnownFileType = sourcecode.swift; path = TransactionsViewModel.swift; sourceTree = "<group>"; };
		852157BB225867D000488F5B /* TableView_Extensions.swift */ = {isa = PBXFileReference; lastKnownFileType = sourcecode.swift; path = TableView_Extensions.swift; sourceTree = "<group>"; };
		852157BE2258802800488F5B /* CreateTransactionViewController.swift */ = {isa = PBXFileReference; lastKnownFileType = sourcecode.swift; path = CreateTransactionViewController.swift; sourceTree = "<group>"; };
		852157BF2258802800488F5B /* CreateTransactionViewController.xib */ = {isa = PBXFileReference; lastKnownFileType = file.xib; path = CreateTransactionViewController.xib; sourceTree = "<group>"; };
		852157C2225895B200488F5B /* View_Extensions.swift */ = {isa = PBXFileReference; lastKnownFileType = sourcecode.swift; path = View_Extensions.swift; sourceTree = "<group>"; };
		852157C62258D16900488F5B /* Recipient.swift */ = {isa = PBXFileReference; lastKnownFileType = sourcecode.swift; path = Recipient.swift; sourceTree = "<group>"; };
		852157C82258DCC400488F5B /* PotentialTransactionViewModel.swift */ = {isa = PBXFileReference; lastKnownFileType = sourcecode.swift; path = PotentialTransactionViewModel.swift; sourceTree = "<group>"; };
		8549A5E22255EBEA00BEF7A6 /* test3.app */ = {isa = PBXFileReference; explicitFileType = wrapper.application; includeInIndex = 0; path = test3.app; sourceTree = BUILT_PRODUCTS_DIR; };
		8549A5E52255EBEA00BEF7A6 /* AppDelegate.swift */ = {isa = PBXFileReference; lastKnownFileType = sourcecode.swift; path = AppDelegate.swift; sourceTree = "<group>"; };
		8549A5EC2255EBED00BEF7A6 /* Assets.xcassets */ = {isa = PBXFileReference; lastKnownFileType = folder.assetcatalog; path = Assets.xcassets; sourceTree = "<group>"; };
		8549A5EF2255EBED00BEF7A6 /* Base */ = {isa = PBXFileReference; lastKnownFileType = file.storyboard; name = Base; path = Base.lproj/LaunchScreen.storyboard; sourceTree = "<group>"; };
		8549A5F12255EBED00BEF7A6 /* Info.plist */ = {isa = PBXFileReference; lastKnownFileType = text.plist.xml; path = Info.plist; sourceTree = "<group>"; };
		8549A5FB2255EE1500BEF7A6 /* WelcomeViewController.swift */ = {isa = PBXFileReference; lastKnownFileType = sourcecode.swift; path = WelcomeViewController.swift; sourceTree = "<group>"; };
		8549A5FC2255EE1500BEF7A6 /* WelcomeViewController.xib */ = {isa = PBXFileReference; lastKnownFileType = file.xib; path = WelcomeViewController.xib; sourceTree = "<group>"; };
		8549A6012255EF7F00BEF7A6 /* ABRoundedButton.swift */ = {isa = PBXFileReference; lastKnownFileType = sourcecode.swift; path = ABRoundedButton.swift; sourceTree = "<group>"; };
		8549A6032255F1C600BEF7A6 /* MainNavigationViewController.swift */ = {isa = PBXFileReference; lastKnownFileType = sourcecode.swift; path = MainNavigationViewController.swift; sourceTree = "<group>"; };
		8549A6062256F3CE00BEF7A6 /* LogInViewController.swift */ = {isa = PBXFileReference; lastKnownFileType = sourcecode.swift; path = LogInViewController.swift; sourceTree = "<group>"; };
		8549A6072256F3CE00BEF7A6 /* LogInViewController.xib */ = {isa = PBXFileReference; lastKnownFileType = file.xib; path = LogInViewController.xib; sourceTree = "<group>"; };
		8549A60B2256F40700BEF7A6 /* SignUpViewController.swift */ = {isa = PBXFileReference; lastKnownFileType = sourcecode.swift; path = SignUpViewController.swift; sourceTree = "<group>"; };
		8549A60C2256F40700BEF7A6 /* SignUpViewController.xib */ = {isa = PBXFileReference; lastKnownFileType = file.xib; path = SignUpViewController.xib; sourceTree = "<group>"; };
		8549A60F2256FFEF00BEF7A6 /* UserViewModel.swift */ = {isa = PBXFileReference; lastKnownFileType = sourcecode.swift; path = UserViewModel.swift; sourceTree = "<group>"; };
		8549A612225700A100BEF7A6 /* String_Extensions.swift */ = {isa = PBXFileReference; lastKnownFileType = sourcecode.swift; path = String_Extensions.swift; sourceTree = "<group>"; };
		8549A6142257012A00BEF7A6 /* ViewController_Extensions.swift */ = {isa = PBXFileReference; lastKnownFileType = sourcecode.swift; path = ViewController_Extensions.swift; sourceTree = "<group>"; };
		8549A616225703D900BEF7A6 /* NewUserViewModel.swift */ = {isa = PBXFileReference; lastKnownFileType = sourcecode.swift; path = NewUserViewModel.swift; sourceTree = "<group>"; };
		8549A6182257042700BEF7A6 /* Validatable.swift */ = {isa = PBXFileReference; lastKnownFileType = sourcecode.swift; path = Validatable.swift; sourceTree = "<group>"; };
		8549A61A2257066700BEF7A6 /* DynamicType.swift */ = {isa = PBXFileReference; lastKnownFileType = sourcecode.swift; path = DynamicType.swift; sourceTree = "<group>"; };
		8549A61D22570A5600BEF7A6 /* BindingHoshiTextField.swift */ = {isa = PBXFileReference; lastKnownFileType = sourcecode.swift; path = BindingHoshiTextField.swift; sourceTree = "<group>"; };
		8549A62E225721E600BEF7A6 /* NetworkingManager.swift */ = {isa = PBXFileReference; fileEncoding = 4; lastKnownFileType = sourcecode.swift; path = NetworkingManager.swift; sourceTree = "<group>"; };
		8549A630225721E600BEF7A6 /* TestEndPoint.swift */ = {isa = PBXFileReference; fileEncoding = 4; lastKnownFileType = sourcecode.swift; path = TestEndPoint.swift; sourceTree = "<group>"; };
		8549A63D22572ED600BEF7A6 /* KeychainTokenItem.swift */ = {isa = PBXFileReference; lastKnownFileType = sourcecode.swift; path = KeychainTokenItem.swift; sourceTree = "<group>"; };
		8549A640225731AE00BEF7A6 /* AccountViewController.swift */ = {isa = PBXFileReference; lastKnownFileType = sourcecode.swift; path = AccountViewController.swift; sourceTree = "<group>"; };
		8549A641225731AE00BEF7A6 /* AccountViewController.xib */ = {isa = PBXFileReference; lastKnownFileType = file.xib; path = AccountViewController.xib; sourceTree = "<group>"; };
		8549A644225732C800BEF7A6 /* User.swift */ = {isa = PBXFileReference; lastKnownFileType = sourcecode.swift; path = User.swift; sourceTree = "<group>"; };
		8549A64A2257374500BEF7A6 /* SplashViewController.swift */ = {isa = PBXFileReference; fileEncoding = 4; lastKnownFileType = sourcecode.swift; path = SplashViewController.swift; sourceTree = "<group>"; };
		8549A64B2257374500BEF7A6 /* RootViewController.swift */ = {isa = PBXFileReference; fileEncoding = 4; lastKnownFileType = sourcecode.swift; path = RootViewController.swift; sourceTree = "<group>"; };
		8549A64F225737CF00BEF7A6 /* Constants.swift */ = {isa = PBXFileReference; lastKnownFileType = sourcecode.swift; path = Constants.swift; sourceTree = "<group>"; };
		8549A65222573CC300BEF7A6 /* TransactionTableViewCell.swift */ = {isa = PBXFileReference; lastKnownFileType = sourcecode.swift; path = TransactionTableViewCell.swift; sourceTree = "<group>"; };
		8549A65322573CC300BEF7A6 /* TransactionTableViewCell.xib */ = {isa = PBXFileReference; lastKnownFileType = file.xib; path = TransactionTableViewCell.xib; sourceTree = "<group>"; };
		8549A6572257422100BEF7A6 /* AccountTableViewHeaderView.swift */ = {isa = PBXFileReference; lastKnownFileType = sourcecode.swift; path = AccountTableViewHeaderView.swift; sourceTree = "<group>"; };
		8549A6592257429000BEF7A6 /* AccountTableViewHeaderView.xib */ = {isa = PBXFileReference; lastKnownFileType = file.xib; path = AccountTableViewHeaderView.xib; sourceTree = "<group>"; };
		F7D08B450D11128C0BBBDB8B /* Pods-test3.debug.xcconfig */ = {isa = PBXFileReference; includeInIndex = 1; lastKnownFileType = text.xcconfig; name = "Pods-test3.debug.xcconfig"; path = "Target Support Files/Pods-test3/Pods-test3.debug.xcconfig"; sourceTree = "<group>"; };
/* End PBXFileReference section */

/* Begin PBXFrameworksBuildPhase section */
		8549A5DF2255EBEA00BEF7A6 /* Frameworks */ = {
			isa = PBXFrameworksBuildPhase;
			buildActionMask = 2147483647;
			files = (
				5AF469D1CB0FE56049F4D53E /* Pods_test3.framework in Frameworks */,
			);
			runOnlyForDeploymentPostprocessing = 0;
		};
/* End PBXFrameworksBuildPhase section */

/* Begin PBXGroup section */
		172C59A8C704449E1DD7B4FF /* Frameworks */ = {
			isa = PBXGroup;
			children = (
				646A2E23D226E8CC3E2B1C1F /* Pods_test3.framework */,
			);
			name = Frameworks;
			sourceTree = "<group>";
		};
		852157BD2258800500488F5B /* CreateTransaction */ = {
			isa = PBXGroup;
			children = (
				852157BE2258802800488F5B /* CreateTransactionViewController.swift */,
				852157BF2258802800488F5B /* CreateTransactionViewController.xib */,
			);
			path = CreateTransaction;
			sourceTree = "<group>";
		};
		8549A5D92255EBEA00BEF7A6 = {
			isa = PBXGroup;
			children = (
				8549A5E42255EBEA00BEF7A6 /* test3 */,
				8549A5E32255EBEA00BEF7A6 /* Products */,
				A0D755BBA18B692CF6CDAE9D /* Pods */,
				172C59A8C704449E1DD7B4FF /* Frameworks */,
			);
			sourceTree = "<group>";
		};
		8549A5E32255EBEA00BEF7A6 /* Products */ = {
			isa = PBXGroup;
			children = (
				8549A5E22255EBEA00BEF7A6 /* test3.app */,
			);
			name = Products;
			sourceTree = "<group>";
		};
		8549A5E42255EBEA00BEF7A6 /* test3 */ = {
			isa = PBXGroup;
			children = (
				8549A64E225737B500BEF7A6 /* Helpers */,
				8549A63C22572EB000BEF7A6 /* Security */,
				8549A61F225712A200BEF7A6 /* Networking */,
				8549A61C22570A2600BEF7A6 /* Controls */,
				8549A6112257007600BEF7A6 /* Extensions */,
				8549A5FA2255ED5400BEF7A6 /* ViewModel */,
				8549A5F92255ED4A00BEF7A6 /* Model */,
				8549A5F82255ED4400BEF7A6 /* View */,
				8549A5E52255EBEA00BEF7A6 /* AppDelegate.swift */,
				8549A5F12255EBED00BEF7A6 /* Info.plist */,
			);
			path = test3;
			sourceTree = "<group>";
		};
		8549A5F82255ED4400BEF7A6 /* View */ = {
			isa = PBXGroup;
			children = (
				852157BD2258800500488F5B /* CreateTransaction */,
				8549A63F2257315B00BEF7A6 /* Account */,
				8549A6002255EF5400BEF7A6 /* CustomViews */,
				8549A5FF2255EE1B00BEF7A6 /* Welcome */,
				8549A6052256F3A700BEF7A6 /* LogIn */,
				8549A60A2256F3EB00BEF7A6 /* SignUp */,
				8549A5EC2255EBED00BEF7A6 /* Assets.xcassets */,
				8549A5EE2255EBED00BEF7A6 /* LaunchScreen.storyboard */,
				8549A6032255F1C600BEF7A6 /* MainNavigationViewController.swift */,
				8549A64B2257374500BEF7A6 /* RootViewController.swift */,
				8549A64A2257374500BEF7A6 /* SplashViewController.swift */,
			);
			path = View;
			sourceTree = "<group>";
		};
		8549A5F92255ED4A00BEF7A6 /* Model */ = {
			isa = PBXGroup;
			children = (
				8549A61A2257066700BEF7A6 /* DynamicType.swift */,
				8549A644225732C800BEF7A6 /* User.swift */,
				852157B5225860F800488F5B /* Transaction.swift */,
				852157C62258D16900488F5B /* Recipient.swift */,
			);
			path = Model;
			sourceTree = "<group>";
		};
		8549A5FA2255ED5400BEF7A6 /* ViewModel */ = {
			isa = PBXGroup;
			children = (
				8549A6182257042700BEF7A6 /* Validatable.swift */,
				8549A60F2256FFEF00BEF7A6 /* UserViewModel.swift */,
				8549A616225703D900BEF7A6 /* NewUserViewModel.swift */,
				852157B1225841DB00488F5B /* PotentialUserViewModel.swift */,
				852157B7225861FB00488F5B /* TransactionViewModel.swift */,
				852157B9225864F400488F5B /* TransactionsViewModel.swift */,
				852157C82258DCC400488F5B /* PotentialTransactionViewModel.swift */,
			);
			path = ViewModel;
			sourceTree = "<group>";
		};
		8549A5FF2255EE1B00BEF7A6 /* Welcome */ = {
			isa = PBXGroup;
			children = (
				8549A5FB2255EE1500BEF7A6 /* WelcomeViewController.swift */,
				8549A5FC2255EE1500BEF7A6 /* WelcomeViewController.xib */,
			);
			path = Welcome;
			sourceTree = "<group>";
		};
		8549A6002255EF5400BEF7A6 /* CustomViews */ = {
			isa = PBXGroup;
			children = (
				8549A6012255EF7F00BEF7A6 /* ABRoundedButton.swift */,
			);
			path = CustomViews;
			sourceTree = "<group>";
		};
		8549A6052256F3A700BEF7A6 /* LogIn */ = {
			isa = PBXGroup;
			children = (
				8549A6062256F3CE00BEF7A6 /* LogInViewController.swift */,
				8549A6072256F3CE00BEF7A6 /* LogInViewController.xib */,
			);
			path = LogIn;
			sourceTree = "<group>";
		};
		8549A60A2256F3EB00BEF7A6 /* SignUp */ = {
			isa = PBXGroup;
			children = (
				8549A60B2256F40700BEF7A6 /* SignUpViewController.swift */,
				8549A60C2256F40700BEF7A6 /* SignUpViewController.xib */,
			);
			path = SignUp;
			sourceTree = "<group>";
		};
		8549A6112257007600BEF7A6 /* Extensions */ = {
			isa = PBXGroup;
			children = (
				8549A612225700A100BEF7A6 /* String_Extensions.swift */,
				8549A6142257012A00BEF7A6 /* ViewController_Extensions.swift */,
				852157BB225867D000488F5B /* TableView_Extensions.swift */,
				852157C2225895B200488F5B /* View_Extensions.swift */,
			);
			path = Extensions;
			sourceTree = "<group>";
		};
		8549A61C22570A2600BEF7A6 /* Controls */ = {
			isa = PBXGroup;
			children = (
				8549A61D22570A5600BEF7A6 /* BindingHoshiTextField.swift */,
			);
			path = Controls;
			sourceTree = "<group>";
		};
		8549A61F225712A200BEF7A6 /* Networking */ = {
			isa = PBXGroup;
			children = (
				8549A62F225721E600BEF7A6 /* EndPoint */,
				8549A62D225721E600BEF7A6 /* Manager */,
			);
			path = Networking;
			sourceTree = "<group>";
		};
		8549A62D225721E600BEF7A6 /* Manager */ = {
			isa = PBXGroup;
			children = (
				8549A62E225721E600BEF7A6 /* NetworkingManager.swift */,
			);
			path = Manager;
			sourceTree = "<group>";
		};
		8549A62F225721E600BEF7A6 /* EndPoint */ = {
			isa = PBXGroup;
			children = (
				8549A630225721E600BEF7A6 /* TestEndPoint.swift */,
			);
			path = EndPoint;
			sourceTree = "<group>";
		};
		8549A63C22572EB000BEF7A6 /* Security */ = {
			isa = PBXGroup;
			children = (
				8549A63D22572ED600BEF7A6 /* KeychainTokenItem.swift */,
			);
			path = Security;
			sourceTree = "<group>";
		};
		8549A63F2257315B00BEF7A6 /* Account */ = {
			isa = PBXGroup;
			children = (
				8549A6562257420000BEF7A6 /* AccountHeader */,
				8549A65122573C9F00BEF7A6 /* TransactionCell */,
				8549A640225731AE00BEF7A6 /* AccountViewController.swift */,
				8549A641225731AE00BEF7A6 /* AccountViewController.xib */,
			);
			path = Account;
			sourceTree = "<group>";
		};
		8549A64E225737B500BEF7A6 /* Helpers */ = {
			isa = PBXGroup;
			children = (
				8549A64F225737CF00BEF7A6 /* Constants.swift */,
			);
			path = Helpers;
			sourceTree = "<group>";
		};
		8549A65122573C9F00BEF7A6 /* TransactionCell */ = {
			isa = PBXGroup;
			children = (
				8549A65222573CC300BEF7A6 /* TransactionTableViewCell.swift */,
				8549A65322573CC300BEF7A6 /* TransactionTableViewCell.xib */,
			);
			path = TransactionCell;
			sourceTree = "<group>";
		};
		8549A6562257420000BEF7A6 /* AccountHeader */ = {
			isa = PBXGroup;
			children = (
				8549A6572257422100BEF7A6 /* AccountTableViewHeaderView.swift */,
				8549A6592257429000BEF7A6 /* AccountTableViewHeaderView.xib */,
			);
			path = AccountHeader;
			sourceTree = "<group>";
		};
		A0D755BBA18B692CF6CDAE9D /* Pods */ = {
			isa = PBXGroup;
			children = (
				F7D08B450D11128C0BBBDB8B /* Pods-test3.debug.xcconfig */,
				17D1F51EFE663D3A11948226 /* Pods-test3.release.xcconfig */,
			);
			path = Pods;
			sourceTree = "<group>";
		};
/* End PBXGroup section */

/* Begin PBXNativeTarget section */
		8549A5E12255EBEA00BEF7A6 /* test3 */ = {
			isa = PBXNativeTarget;
			buildConfigurationList = 8549A5F42255EBED00BEF7A6 /* Build configuration list for PBXNativeTarget "test3" */;
			buildPhases = (
				04FD040EBEB6C20AA641BD6B /* [CP] Check Pods Manifest.lock */,
				8549A5DE2255EBEA00BEF7A6 /* Sources */,
				8549A5DF2255EBEA00BEF7A6 /* Frameworks */,
				8549A5E02255EBEA00BEF7A6 /* Resources */,
				5F14C291D4EAD62F563006CC /* [CP] Embed Pods Frameworks */,
			);
			buildRules = (
			);
			dependencies = (
			);
			name = test3;
			productName = test3;
			productReference = 8549A5E22255EBEA00BEF7A6 /* test3.app */;
			productType = "com.apple.product-type.application";
		};
/* End PBXNativeTarget section */

/* Begin PBXProject section */
		8549A5DA2255EBEA00BEF7A6 /* Project object */ = {
			isa = PBXProject;
			attributes = {
				LastSwiftUpdateCheck = 1020;
				LastUpgradeCheck = 1020;
				ORGANIZATIONNAME = "Alexander Batalov";
				TargetAttributes = {
					8549A5E12255EBEA00BEF7A6 = {
						CreatedOnToolsVersion = 10.2;
					};
				};
			};
			buildConfigurationList = 8549A5DD2255EBEA00BEF7A6 /* Build configuration list for PBXProject "test3" */;
			compatibilityVersion = "Xcode 9.3";
			developmentRegion = en;
			hasScannedForEncodings = 0;
			knownRegions = (
				en,
				Base,
			);
			mainGroup = 8549A5D92255EBEA00BEF7A6;
			productRefGroup = 8549A5E32255EBEA00BEF7A6 /* Products */;
			projectDirPath = "";
			projectRoot = "";
			targets = (
				8549A5E12255EBEA00BEF7A6 /* test3 */,
			);
		};
/* End PBXProject section */

/* Begin PBXResourcesBuildPhase section */
		8549A5E02255EBEA00BEF7A6 /* Resources */ = {
			isa = PBXResourcesBuildPhase;
			buildActionMask = 2147483647;
			files = (
				8549A60E2256F40700BEF7A6 /* SignUpViewController.xib in Resources */,
				8549A6092256F3CE00BEF7A6 /* LogInViewController.xib in Resources */,
				8549A5F02255EBED00BEF7A6 /* LaunchScreen.storyboard in Resources */,
				8549A65A2257429000BEF7A6 /* AccountTableViewHeaderView.xib in Resources */,
				8549A5ED2255EBED00BEF7A6 /* Assets.xcassets in Resources */,
				8549A65522573CC300BEF7A6 /* TransactionTableViewCell.xib in Resources */,
				8549A643225731AE00BEF7A6 /* AccountViewController.xib in Resources */,
				8549A5FE2255EE1500BEF7A6 /* WelcomeViewController.xib in Resources */,
				852157C12258802800488F5B /* CreateTransactionViewController.xib in Resources */,
			);
			runOnlyForDeploymentPostprocessing = 0;
		};
/* End PBXResourcesBuildPhase section */

/* Begin PBXShellScriptBuildPhase section */
		04FD040EBEB6C20AA641BD6B /* [CP] Check Pods Manifest.lock */ = {
			isa = PBXShellScriptBuildPhase;
			buildActionMask = 2147483647;
			files = (
			);
			inputFileListPaths = (
			);
			inputPaths = (
				"${PODS_PODFILE_DIR_PATH}/Podfile.lock",
				"${PODS_ROOT}/Manifest.lock",
			);
			name = "[CP] Check Pods Manifest.lock";
			outputFileListPaths = (
			);
			outputPaths = (
				"$(DERIVED_FILE_DIR)/Pods-test3-checkManifestLockResult.txt",
			);
			runOnlyForDeploymentPostprocessing = 0;
			shellPath = /bin/sh;
			shellScript = "diff \"${PODS_PODFILE_DIR_PATH}/Podfile.lock\" \"${PODS_ROOT}/Manifest.lock\" > /dev/null\nif [ $? != 0 ] ; then\n    # print error to STDERR\n    echo \"error: The sandbox is not in sync with the Podfile.lock. Run 'pod install' or update your CocoaPods installation.\" >&2\n    exit 1\nfi\n# This output is used by Xcode 'outputs' to avoid re-running this script phase.\necho \"SUCCESS\" > \"${SCRIPT_OUTPUT_FILE_0}\"\n";
			showEnvVarsInLog = 0;
		};
		5F14C291D4EAD62F563006CC /* [CP] Embed Pods Frameworks */ = {
			isa = PBXShellScriptBuildPhase;
			buildActionMask = 2147483647;
			files = (
			);
			inputFileListPaths = (
			);
			inputPaths = (
				"${PODS_ROOT}/Target Support Files/Pods-test3/Pods-test3-frameworks.sh",
				"${BUILT_PRODUCTS_DIR}/Alamofire/Alamofire.framework",
				"${BUILT_PRODUCTS_DIR}/FontAwesome.swift/FontAwesome_swift.framework",
				"${BUILT_PRODUCTS_DIR}/MBProgressHUD/MBProgressHUD.framework",
				"${BUILT_PRODUCTS_DIR}/SearchTextField/SearchTextField.framework",
				"${BUILT_PRODUCTS_DIR}/TextFieldEffects/TextFieldEffects.framework",
			);
			name = "[CP] Embed Pods Frameworks";
			outputFileListPaths = (
			);
			outputPaths = (
				"${TARGET_BUILD_DIR}/${FRAMEWORKS_FOLDER_PATH}/Alamofire.framework",
				"${TARGET_BUILD_DIR}/${FRAMEWORKS_FOLDER_PATH}/FontAwesome_swift.framework",
				"${TARGET_BUILD_DIR}/${FRAMEWORKS_FOLDER_PATH}/MBProgressHUD.framework",
				"${TARGET_BUILD_DIR}/${FRAMEWORKS_FOLDER_PATH}/SearchTextField.framework",
				"${TARGET_BUILD_DIR}/${FRAMEWORKS_FOLDER_PATH}/TextFieldEffects.framework",
			);
			runOnlyForDeploymentPostprocessing = 0;
			shellPath = /bin/sh;
			shellScript = "\"${PODS_ROOT}/Target Support Files/Pods-test3/Pods-test3-frameworks.sh\"\n";
			showEnvVarsInLog = 0;
		};
/* End PBXShellScriptBuildPhase section */

/* Begin PBXSourcesBuildPhase section */
		8549A5DE2255EBEA00BEF7A6 /* Sources */ = {
			isa = PBXSourcesBuildPhase;
			buildActionMask = 2147483647;
			files = (
				8549A613225700A100BEF7A6 /* String_Extensions.swift in Sources */,
				852157BA225864F400488F5B /* TransactionsViewModel.swift in Sources */,
				8549A60D2256F40700BEF7A6 /* SignUpViewController.swift in Sources */,
				8549A65422573CC300BEF7A6 /* TransactionTableViewCell.swift in Sources */,
				8549A642225731AE00BEF7A6 /* AccountViewController.swift in Sources */,
				8549A650225737CF00BEF7A6 /* Constants.swift in Sources */,
				852157C92258DCC400488F5B /* PotentialTransactionViewModel.swift in Sources */,
				8549A64D2257374500BEF7A6 /* RootViewController.swift in Sources */,
				8549A645225732C800BEF7A6 /* User.swift in Sources */,
				8549A5E62255EBEA00BEF7A6 /* AppDelegate.swift in Sources */,
				852157B2225841DB00488F5B /* PotentialUserViewModel.swift in Sources */,
				852157C02258802800488F5B /* CreateTransactionViewController.swift in Sources */,
				852157B8225861FB00488F5B /* TransactionViewModel.swift in Sources */,
				8549A61B2257066700BEF7A6 /* DynamicType.swift in Sources */,
				852157BC225867D000488F5B /* TableView_Extensions.swift in Sources */,
				8549A6042255F1C600BEF7A6 /* MainNavigationViewController.swift in Sources */,
				8549A617225703D900BEF7A6 /* NewUserViewModel.swift in Sources */,
				8549A63A225721E600BEF7A6 /* NetworkingManager.swift in Sources */,
				8549A6022255EF7F00BEF7A6 /* ABRoundedButton.swift in Sources */,
				8549A63B225721E600BEF7A6 /* TestEndPoint.swift in Sources */,
				8549A6082256F3CE00BEF7A6 /* LogInViewController.swift in Sources */,
				8549A6102256FFEF00BEF7A6 /* UserViewModel.swift in Sources */,
				852157C3225895B200488F5B /* View_Extensions.swift in Sources */,
				8549A64C2257374500BEF7A6 /* SplashViewController.swift in Sources */,
				852157B6225860F800488F5B /* Transaction.swift in Sources */,
				8549A61E22570A5600BEF7A6 /* BindingHoshiTextField.swift in Sources */,
				852157C72258D16900488F5B /* Recipient.swift in Sources */,
				8549A5FD2255EE1500BEF7A6 /* WelcomeViewController.swift in Sources */,
				8549A63E22572ED600BEF7A6 /* KeychainTokenItem.swift in Sources */,
				8549A6152257012A00BEF7A6 /* ViewController_Extensions.swift in Sources */,
				8549A6582257422100BEF7A6 /* AccountTableViewHeaderView.swift in Sources */,
				8549A6192257042700BEF7A6 /* Validatable.swift in Sources */,
			);
			runOnlyForDeploymentPostprocessing = 0;
		};
/* End PBXSourcesBuildPhase section */

/* Begin PBXVariantGroup section */
		8549A5EE2255EBED00BEF7A6 /* LaunchScreen.storyboard */ = {
			isa = PBXVariantGroup;
			children = (
				8549A5EF2255EBED00BEF7A6 /* Base */,
			);
			name = LaunchScreen.storyboard;
			sourceTree = "<group>";
		};
/* End PBXVariantGroup section */

/* Begin XCBuildConfiguration section */
		8549A5F22255EBED00BEF7A6 /* Debug */ = {
			isa = XCBuildConfiguration;
			buildSettings = {
				ALWAYS_SEARCH_USER_PATHS = NO;
				CLANG_ANALYZER_NONNULL = YES;
				CLANG_ANALYZER_NUMBER_OBJECT_CONVERSION = YES_AGGRESSIVE;
				CLANG_CXX_LANGUAGE_STANDARD = "gnu++14";
				CLANG_CXX_LIBRARY = "libc++";
				CLANG_ENABLE_MODULES = YES;
				CLANG_ENABLE_OBJC_ARC = YES;
				CLANG_ENABLE_OBJC_WEAK = YES;
				CLANG_WARN_BLOCK_CAPTURE_AUTORELEASING = YES;
				CLANG_WARN_BOOL_CONVERSION = YES;
				CLANG_WARN_COMMA = YES;
				CLANG_WARN_CONSTANT_CONVERSION = YES;
				CLANG_WARN_DEPRECATED_OBJC_IMPLEMENTATIONS = YES;
				CLANG_WARN_DIRECT_OBJC_ISA_USAGE = YES_ERROR;
				CLANG_WARN_DOCUMENTATION_COMMENTS = YES;
				CLANG_WARN_EMPTY_BODY = YES;
				CLANG_WARN_ENUM_CONVERSION = YES;
				CLANG_WARN_INFINITE_RECURSION = YES;
				CLANG_WARN_INT_CONVERSION = YES;
				CLANG_WARN_NON_LITERAL_NULL_CONVERSION = YES;
				CLANG_WARN_OBJC_IMPLICIT_RETAIN_SELF = YES;
				CLANG_WARN_OBJC_LITERAL_CONVERSION = YES;
				CLANG_WARN_OBJC_ROOT_CLASS = YES_ERROR;
				CLANG_WARN_RANGE_LOOP_ANALYSIS = YES;
				CLANG_WARN_STRICT_PROTOTYPES = YES;
				CLANG_WARN_SUSPICIOUS_MOVE = YES;
				CLANG_WARN_UNGUARDED_AVAILABILITY = YES_AGGRESSIVE;
				CLANG_WARN_UNREACHABLE_CODE = YES;
				CLANG_WARN__DUPLICATE_METHOD_MATCH = YES;
				CODE_SIGN_IDENTITY = "iPhone Developer";
				COPY_PHASE_STRIP = NO;
				DEBUG_INFORMATION_FORMAT = dwarf;
				ENABLE_STRICT_OBJC_MSGSEND = YES;
				ENABLE_TESTABILITY = YES;
				GCC_C_LANGUAGE_STANDARD = gnu11;
				GCC_DYNAMIC_NO_PIC = NO;
				GCC_NO_COMMON_BLOCKS = YES;
				GCC_OPTIMIZATION_LEVEL = 0;
				GCC_PREPROCESSOR_DEFINITIONS = (
					"DEBUG=1",
					"$(inherited)",
				);
				GCC_WARN_64_TO_32_BIT_CONVERSION = YES;
				GCC_WARN_ABOUT_RETURN_TYPE = YES_ERROR;
				GCC_WARN_UNDECLARED_SELECTOR = YES;
				GCC_WARN_UNINITIALIZED_AUTOS = YES_AGGRESSIVE;
				GCC_WARN_UNUSED_FUNCTION = YES;
				GCC_WARN_UNUSED_VARIABLE = YES;
				IPHONEOS_DEPLOYMENT_TARGET = 12.2;
				MTL_ENABLE_DEBUG_INFO = INCLUDE_SOURCE;
				MTL_FAST_MATH = YES;
				ONLY_ACTIVE_ARCH = YES;
				SDKROOT = iphoneos;
				SWIFT_ACTIVE_COMPILATION_CONDITIONS = DEBUG;
				SWIFT_OPTIMIZATION_LEVEL = "-Onone";
			};
			name = Debug;
		};
		8549A5F32255EBED00BEF7A6 /* Release */ = {
			isa = XCBuildConfiguration;
			buildSettings = {
				ALWAYS_SEARCH_USER_PATHS = NO;
				CLANG_ANALYZER_NONNULL = YES;
				CLANG_ANALYZER_NUMBER_OBJECT_CONVERSION = YES_AGGRESSIVE;
				CLANG_CXX_LANGUAGE_STANDARD = "gnu++14";
				CLANG_CXX_LIBRARY = "libc++";
				CLANG_ENABLE_MODULES = YES;
				CLANG_ENABLE_OBJC_ARC = YES;
				CLANG_ENABLE_OBJC_WEAK = YES;
				CLANG_WARN_BLOCK_CAPTURE_AUTORELEASING = YES;
				CLANG_WARN_BOOL_CONVERSION = YES;
				CLANG_WARN_COMMA = YES;
				CLANG_WARN_CONSTANT_CONVERSION = YES;
				CLANG_WARN_DEPRECATED_OBJC_IMPLEMENTATIONS = YES;
				CLANG_WARN_DIRECT_OBJC_ISA_USAGE = YES_ERROR;
				CLANG_WARN_DOCUMENTATION_COMMENTS = YES;
				CLANG_WARN_EMPTY_BODY = YES;
				CLANG_WARN_ENUM_CONVERSION = YES;
				CLANG_WARN_INFINITE_RECURSION = YES;
				CLANG_WARN_INT_CONVERSION = YES;
				CLANG_WARN_NON_LITERAL_NULL_CONVERSION = YES;
				CLANG_WARN_OBJC_IMPLICIT_RETAIN_SELF = YES;
				CLANG_WARN_OBJC_LITERAL_CONVERSION = YES;
				CLANG_WARN_OBJC_ROOT_CLASS = YES_ERROR;
				CLANG_WARN_RANGE_LOOP_ANALYSIS = YES;
				CLANG_WARN_STRICT_PROTOTYPES = YES;
				CLANG_WARN_SUSPICIOUS_MOVE = YES;
				CLANG_WARN_UNGUARDED_AVAILABILITY = YES_AGGRESSIVE;
				CLANG_WARN_UNREACHABLE_CODE = YES;
				CLANG_WARN__DUPLICATE_METHOD_MATCH = YES;
				CODE_SIGN_IDENTITY = "iPhone Developer";
				COPY_PHASE_STRIP = NO;
				DEBUG_INFORMATION_FORMAT = "dwarf-with-dsym";
				ENABLE_NS_ASSERTIONS = NO;
				ENABLE_STRICT_OBJC_MSGSEND = YES;
				GCC_C_LANGUAGE_STANDARD = gnu11;
				GCC_NO_COMMON_BLOCKS = YES;
				GCC_WARN_64_TO_32_BIT_CONVERSION = YES;
				GCC_WARN_ABOUT_RETURN_TYPE = YES_ERROR;
				GCC_WARN_UNDECLARED_SELECTOR = YES;
				GCC_WARN_UNINITIALIZED_AUTOS = YES_AGGRESSIVE;
				GCC_WARN_UNUSED_FUNCTION = YES;
				GCC_WARN_UNUSED_VARIABLE = YES;
				IPHONEOS_DEPLOYMENT_TARGET = 12.2;
				MTL_ENABLE_DEBUG_INFO = NO;
				MTL_FAST_MATH = YES;
				SDKROOT = iphoneos;
				SWIFT_COMPILATION_MODE = wholemodule;
				SWIFT_OPTIMIZATION_LEVEL = "-O";
				VALIDATE_PRODUCT = YES;
			};
			name = Release;
		};
		8549A5F52255EBED00BEF7A6 /* Debug */ = {
			isa = XCBuildConfiguration;
			baseConfigurationReference = F7D08B450D11128C0BBBDB8B /* Pods-test3.debug.xcconfig */;
			buildSettings = {
				ASSETCATALOG_COMPILER_APPICON_NAME = AppIcon;
				CODE_SIGN_STYLE = Automatic;
				DEVELOPMENT_TEAM = M7NRPN43W5;
				INFOPLIST_FILE = test3/Info.plist;
				LD_RUNPATH_SEARCH_PATHS = (
					"$(inherited)",
					"@executable_path/Frameworks",
				);
				PRODUCT_BUNDLE_IDENTIFIER = com.alexanderbatalov.test3;
				PRODUCT_NAME = "$(TARGET_NAME)";
				SWIFT_VERSION = 5.0;
				TARGETED_DEVICE_FAMILY = "1,2";
			};
			name = Debug;
		};
		8549A5F62255EBED00BEF7A6 /* Release */ = {
			isa = XCBuildConfiguration;
			baseConfigurationReference = 17D1F51EFE663D3A11948226 /* Pods-test3.release.xcconfig */;
			buildSettings = {
				ASSETCATALOG_COMPILER_APPICON_NAME = AppIcon;
				CODE_SIGN_STYLE = Automatic;
				DEVELOPMENT_TEAM = M7NRPN43W5;
				INFOPLIST_FILE = test3/Info.plist;
				LD_RUNPATH_SEARCH_PATHS = (
					"$(inherited)",
					"@executable_path/Frameworks",
				);
				PRODUCT_BUNDLE_IDENTIFIER = com.alexanderbatalov.test3;
				PRODUCT_NAME = "$(TARGET_NAME)";
				SWIFT_VERSION = 5.0;
				TARGETED_DEVICE_FAMILY = "1,2";
			};
			name = Release;
		};
/* End XCBuildConfiguration section */

/* Begin XCConfigurationList section */
		8549A5DD2255EBEA00BEF7A6 /* Build configuration list for PBXProject "test3" */ = {
			isa = XCConfigurationList;
			buildConfigurations = (
				8549A5F22255EBED00BEF7A6 /* Debug */,
				8549A5F32255EBED00BEF7A6 /* Release */,
			);
			defaultConfigurationIsVisible = 0;
			defaultConfigurationName = Release;
		};
		8549A5F42255EBED00BEF7A6 /* Build configuration list for PBXNativeTarget "test3" */ = {
			isa = XCConfigurationList;
			buildConfigurations = (
				8549A5F52255EBED00BEF7A6 /* Debug */,
				8549A5F62255EBED00BEF7A6 /* Release */,
			);
			defaultConfigurationIsVisible = 0;
			defaultConfigurationName = Release;
		};
/* End XCConfigurationList section */
	};
	rootObject = 8549A5DA2255EBEA00BEF7A6 /* Project object */;
}
